<?xml version="1.0" encoding="UTF-8"?>
<CONFIG>
  <ProjectOptions>
    <Version Value="9"/>
    <PathDelim Value="\"/>
    <General>
      <SessionStorage Value="InProjectDir"/>
      <MainUnit Value="0"/>
      <Title Value="deLite"/>
      <ResourceType Value="res"/>
      <UseXPManifest Value="True"/>
      <Icon Value="0"/>
    </General>
    <i18n>
      <EnableI18N LFM="False"/>
    </i18n>
    <VersionInfo>
      <UseVersionInfo Value="True"/>
      <AutoIncrementBuild Value="True"/>
      <MajorVersionNr Value="1"/>
      <RevisionNr Value="1"/>
      <BuildNr Value="49"/>
      <StringTable ProductVersion=""/>
    </VersionInfo>
    <BuildModes Count="2">
      <Item1 Name="Debug" Default="True"/>
      <Item2 Name="Release">
        <CompilerOptions>
          <Version Value="11"/>
          <PathDelim Value="\"/>
          <Target>
            <Filename Value="deLite"/>
          </Target>
          <SearchPaths>
            <IncludeFiles Value="$(ProjOutDir);C:\LazComp\SVN CheckOuts\Synapse\source\"/>
            <OtherUnitFiles Value="Units;..\01-New\Libraries\Synapse\source"/>
            <UnitOutputDirectory Value="lib\$(TargetCPU)-$(TargetOS)"/>
          </SearchPaths>
          <CodeGeneration>
            <SmartLinkUnit Value="True"/>
            <Optimizations>
              <OptimizationLevel Value="3"/>
            </Optimizations>
          </CodeGeneration>
          <Linking>
            <Debugging>
              <GenerateDebugInfo Value="False"/>
              <StripSymbols Value="True"/>
            </Debugging>
            <LinkSmart Value="True"/>
            <Options>
              <Win32>
                <GraphicApplication Value="True"/>
              </Win32>
            </Options>
          </Linking>
        </CompilerOptions>
      </Item2>
    </BuildModes>
    <PublishOptions>
      <Version Value="2"/>
    </PublishOptions>
    <RunParams>
      <local>
        <FormatVersion Value="1"/>
      </local>
    </RunParams>
    <RequiredPackages Count="4">
      <Item1>
        <PackageName Value="pascalscript"/>
      </Item1>
      <Item2>
        <PackageName Value="TurboPowerIPro"/>
      </Item2>
      <Item3>
        <PackageName Value="SynEdit"/>
      </Item3>
      <Item4>
        <PackageName Value="LCL"/>
      </Item4>
    </RequiredPackages>
    <Units Count="19">
      <Unit0>
        <Filename Value="deLite.lpr"/>
        <IsPartOfProject Value="True"/>
      </Unit0>
      <Unit1>
        <Filename Value="Units\umain.pas"/>
        <IsPartOfProject Value="True"/>
        <ComponentName Value="frmMain"/>
        <HasResources Value="True"/>
        <ResourceBaseClass Value="Form"/>
        <UnitName Value="uMain"/>
      </Unit1>
      <Unit2>
        <Filename Value="Units\bigini.pas"/>
        <IsPartOfProject Value="True"/>
        <UnitName Value="BigIni"/>
      </Unit2>
      <Unit3>
        <Filename Value="Units\uabout.pas"/>
        <IsPartOfProject Value="True"/>
        <ComponentName Value="frmAbout"/>
        <HasResources Value="True"/>
        <ResourceBaseClass Value="Form"/>
        <UnitName Value="uAbout"/>
      </Unit3>
      <Unit4>
        <Filename Value="Units\uhttpdownloader.pas"/>
        <IsPartOfProject Value="True"/>
      </Unit4>
      <Unit5>
        <Filename Value="Units\unetassets.pas"/>
        <IsPartOfProject Value="True"/>
        <ComponentName Value="frmNetAssets"/>
        <HasResources Value="True"/>
        <ResourceBaseClass Value="Form"/>
        <UnitName Value="uNetAssets"/>
      </Unit5>
      <Unit6>
        <Filename Value="Units\uStrTools.pas"/>
        <IsPartOfProject Value="True"/>
      </Unit6>
      <Unit7>
        <Filename Value="Units\uTools.pas"/>
        <IsPartOfProject Value="True"/>
      </Unit7>
      <Unit8>
        <Filename Value="Units\versioninfo.pas"/>
        <IsPartOfProject Value="True"/>
        <UnitName Value="VersionInfo"/>
      </Unit8>
      <Unit9>
        <Filename Value="Units\utip.pas"/>
        <IsPartOfProject Value="True"/>
        <ComponentName Value="frmTip"/>
        <HasResources Value="True"/>
        <ResourceBaseClass Value="Form"/>
        <UnitName Value="uTip"/>
      </Unit9>
      <Unit10>
        <Filename Value="Units\utipoftheday.pas"/>
        <IsPartOfProject Value="True"/>
        <HasResources Value="True"/>
        <UnitName Value="uTipOfTheDay"/>
      </Unit10>
      <Unit11>
        <Filename Value="Units\uask.pas"/>
        <IsPartOfProject Value="True"/>
        <ComponentName Value="frmAsk"/>
        <HasResources Value="True"/>
        <ResourceBaseClass Value="Form"/>
        <UnitName Value="uAsk"/>
      </Unit11>
      <Unit12>
        <Filename Value="Units\usettings.pas"/>
        <IsPartOfProject Value="True"/>
        <ComponentName Value="frmSettings"/>
        <HasResources Value="True"/>
        <ResourceBaseClass Value="Form"/>
        <UnitName Value="uSettings"/>
      </Unit12>
      <Unit13>
        <Filename Value="Units\uuserpass.pas"/>
        <IsPartOfProject Value="True"/>
        <ComponentName Value="frmUserPass"/>
        <ResourceBaseClass Value="Form"/>
        <UnitName Value="uUserPass"/>
      </Unit13>
      <Unit14>
        <Filename Value="Units\unewwithwizard.pas"/>
        <IsPartOfProject Value="True"/>
        <ComponentName Value="frmNewWizard"/>
        <ResourceBaseClass Value="Form"/>
        <UnitName Value="uNewWithWizard"/>
      </Unit14>
      <Unit15>
        <Filename Value="Units\usolution.pas"/>
        <IsPartOfProject Value="True"/>
        <ComponentName Value="frmSolution"/>
        <HasResources Value="True"/>
        <ResourceBaseClass Value="Form"/>
        <UnitName Value="uSolution"/>
      </Unit15>
      <Unit16>
        <Filename Value="Units\uencrypt.pas"/>
        <IsPartOfProject Value="True"/>
        <UnitName Value="uEncrypt"/>
      </Unit16>
      <Unit17>
        <Filename Value="Units\ugotoline.pas"/>
        <IsPartOfProject Value="True"/>
        <ComponentName Value="frmGotoLine"/>
        <HasResources Value="True"/>
        <ResourceBaseClass Value="Form"/>
        <UnitName Value="uGotoLine"/>
      </Unit17>
      <Unit18>
        <Filename Value="Units\udeincludes.pas"/>
        <IsPartOfProject Value="True"/>
        <UnitName Value="uDEIncludes"/>
      </Unit18>
    </Units>
  </ProjectOptions>
  <CompilerOptions>
    <Version Value="11"/>
    <PathDelim Value="\"/>
    <Target>
      <Filename Value="deLite"/>
    </Target>
    <SearchPaths>
      <IncludeFiles Value="$(ProjOutDir);C:\LazComp\SVN CheckOuts\Synapse\source\"/>
      <OtherUnitFiles Value="Units;..\01-New\Libraries\Synapse\source"/>
      <UnitOutputDirectory Value="lib\$(TargetCPU)-$(TargetOS)"/>
    </SearchPaths>
    <Parsing>
      <SyntaxOptions>
        <IncludeAssertionCode Value="True"/>
      </SyntaxOptions>
    </Parsing>
    <CodeGeneration>
      <Checks>
        <IOChecks Value="True"/>
        <RangeChecks Value="True"/>
        <OverflowChecks Value="True"/>
        <StackChecks Value="True"/>
      </Checks>
    </CodeGeneration>
    <Linking>
      <Debugging>
        <DebugInfoType Value="dsDwarf2Set"/>
      </Debugging>
      <Options>
        <Win32>
          <GraphicApplication Value="True"/>
        </Win32>
      </Options>
    </Linking>
  </CompilerOptions>
  <Debugging>
    <Exceptions Count="3">
      <Item1>
        <Name Value="EAbort"/>
      </Item1>
      <Item2>
        <Name Value="ECodetoolError"/>
      </Item2>
      <Item3>
        <Name Value="EFOpenError"/>
      </Item3>
    </Exceptions>
  </Debugging>
</CONFIG>
